// !$*UTF8*$!
{
	archiveVersion = 1;
	classes = {
	};
	objectVersion = 56;
	objects = {

/* Begin PBXBuildFile section */
		3AE19C132F141F1900DC6A53 /* GameState.swift in Sources */ = {isa = PBXBuildFile; fileRef = 3AE19C052F141F1900DC6A53 /* GameState.swift */; };
		3AE19C142F141F1900DC6A53 /* ControlPadView.swift in Sources */ = {isa = PBXBuildFile; fileRef = 3AE19C0D2F141F1900DC6A53 /* ControlPadView.swift */; };
		3AE19C152F141F1900DC6A53 /* Color+Hex.swift in Sources */ = {isa = PBXBuildFile; fileRef = 3AE19C082F141F1900DC6A53 /* Color+Hex.swift */; };
		3AE19C162F141F1900DC6A53 /* Theme.swift in Sources */ = {isa = PBXBuildFile; fileRef = 3AE19C092F141F1900DC6A53 /* Theme.swift */; };
		3AE19C172F141F1900DC6A53 /* GameViewModel.swift in Sources */ = {isa = PBXBuildFile; fileRef = 3AE19C0B2F141F1900DC6A53 /* GameViewModel.swift */; };
		3AE19C182F141F1900DC6A53 /* GridView.swift in Sources */ = {isa = PBXBuildFile; fileRef = 3AE19C102F141F1900DC6A53 /* GridView.swift */; };
		3AE19C192F141F1900DC6A53 /* SettingsView.swift in Sources */ = {isa = PBXBuildFile; fileRef = 3AE19C112F141F1900DC6A53 /* SettingsView.swift */; };
		3AE19C1A2F141F1900DC6A53 /* Direction.swift in Sources */ = {isa = PBXBuildFile; fileRef = 3AE19C042F141F1900DC6A53 /* Direction.swift */; };
		3AE19C1B2F141F1900DC6A53 /* Point.swift in Sources */ = {isa = PBXBuildFile; fileRef = 3AE19C062F141F1900DC6A53 /* Point.swift */; };
		3AE19C1C2F141F1900DC6A53 /* GameView.swift in Sources */ = {isa = PBXBuildFile; fileRef = 3AE19C0F2F141F1900DC6A53 /* GameView.swift */; };
		3AE19C1D2F141F1900DC6A53 /* SnakeGameApp.swift in Sources */ = {isa = PBXBuildFile; fileRef = 3AE19C022F141F1900DC6A53 /* SnakeGameApp.swift */; };
		3AE19C202F14264500DC6A53 /* SoundManager.swift in Sources */ = {isa = PBXBuildFile; fileRef = 3AE19C1F2F14264500DC6A53 /* SoundManager.swift */; };
		3AE19C212F14264500DC6A53 /* HapticManager.swift in Sources */ = {isa = PBXBuildFile; fileRef = 3AE19C1E2F14264500DC6A53 /* HapticManager.swift */; };
/* End PBXBuildFile section */

/* Begin PBXFileReference section */
		3AE19C022F141F1900DC6A53 /* SnakeGameApp.swift */ = {isa = PBXFileReference; lastKnownFileType = sourcecode.swift; path = SnakeGameApp.swift; sourceTree = "<group>"; };
		3AE19C042F141F1900DC6A53 /* Direction.swift */ = {isa = PBXFileReference; lastKnownFileType = sourcecode.swift; path = Direction.swift; sourceTree = "<group>"; };
		3AE19C052F141F1900DC6A53 /* GameState.swift */ = {isa = PBXFileReference; lastKnownFileType = sourcecode.swift; path = GameState.swift; sourceTree = "<group>"; };
		3AE19C062F141F1900DC6A53 /* Point.swift */ = {isa = PBXFileReference; lastKnownFileType = sourcecode.swift; path = Point.swift; sourceTree = "<group>"; };
		3AE19C082F141F1900DC6A53 /* Color+Hex.swift */ = {isa = PBXFileReference; lastKnownFileType = sourcecode.swift; path = "Color+Hex.swift"; sourceTree = "<group>"; };
		3AE19C092F141F1900DC6A53 /* Theme.swift */ = {isa = PBXFileReference; lastKnownFileType = sourcecode.swift; path = Theme.swift; sourceTree = "<group>"; };
		3AE19C0B2F141F1900DC6A53 /* GameViewModel.swift */ = {isa = PBXFileReference; lastKnownFileType = sourcecode.swift; path = GameViewModel.swift; sourceTree = "<group>"; };
		3AE19C0D2F141F1900DC6A53 /* ControlPadView.swift */ = {isa = PBXFileReference; lastKnownFileType = sourcecode.swift; path = ControlPadView.swift; sourceTree = "<group>"; };
		3AE19C0F2F141F1900DC6A53 /* GameView.swift */ = {isa = PBXFileReference; lastKnownFileType = sourcecode.swift; path = GameView.swift; sourceTree = "<group>"; };
		3AE19C102F141F1900DC6A53 /* GridView.swift */ = {isa = PBXFileReference; lastKnownFileType = sourcecode.swift; path = GridView.swift; sourceTree = "<group>"; };
		3AE19C112F141F1900DC6A53 /* SettingsView.swift */ = {isa = PBXFileReference; lastKnownFileType = sourcecode.swift; path = SettingsView.swift; sourceTree = "<group>"; };
		3AE19C1E2F14264500DC6A53 /* HapticManager.swift */ = {isa = PBXFileReference; lastKnownFileType = sourcecode.swift; path = HapticManager.swift; sourceTree = "<group>"; };
		3AE19C1F2F14264500DC6A53 /* SoundManager.swift */ = {isa = PBXFileReference; lastKnownFileType = sourcecode.swift; path = SoundManager.swift; sourceTree = "<group>"; };
		A3000001 /* SnakeGame.app */ = {isa = PBXFileReference; explicitFileType = wrapper.application; includeInIndex = 0; path = SnakeGame.app; sourceTree = BUILT_PRODUCTS_DIR; };
/* End PBXFileReference section */

/* Begin PBXFrameworksBuildPhase section */
		A4000001 /* Frameworks */ = {
			isa = PBXFrameworksBuildPhase;
			buildActionMask = 2147483647;
			files = (
			);
			runOnlyForDeploymentPostprocessing = 0;
		};
/* End PBXFrameworksBuildPhase section */

/* Begin PBXGroup section */
		3AE19C032F141F1900DC6A53 /* App */ = {
			isa = PBXGroup;
			children = (
				3AE19C022F141F1900DC6A53 /* SnakeGameApp.swift */,
			);
			path = App;
			sourceTree = "<group>";
		};
		3AE19C072F141F1900DC6A53 /* Models */ = {
			isa = PBXGroup;
			children = (
				3AE19C042F141F1900DC6A53 /* Direction.swift */,
				3AE19C052F141F1900DC6A53 /* GameState.swift */,
				3AE19C062F141F1900DC6A53 /* Point.swift */,
			);
			path = Models;
			sourceTree = "<group>";
		};
		3AE19C0A2F141F1900DC6A53 /* Utilities */ = {
			isa = PBXGroup;
			children = (
				3AE19C1E2F14264500DC6A53 /* HapticManager.swift */,
				3AE19C1F2F14264500DC6A53 /* SoundManager.swift */,
				3AE19C082F141F1900DC6A53 /* Color+Hex.swift */,
				3AE19C092F141F1900DC6A53 /* Theme.swift */,
			);
			path = Utilities;
			sourceTree = "<group>";
		};
		3AE19C0C2F141F1900DC6A53 /* ViewModels */ = {
			isa = PBXGroup;
			children = (
				3AE19C0B2F141F1900DC6A53 /* GameViewModel.swift */,
			);
			path = ViewModels;
			sourceTree = "<group>";
		};
		3AE19C0E2F141F1900DC6A53 /* Components */ = {
			isa = PBXGroup;
			children = (
				3AE19C0D2F141F1900DC6A53 /* ControlPadView.swift */,
			);
			path = Components;
			sourceTree = "<group>";
		};
		3AE19C122F141F1900DC6A53 /* Views */ = {
			isa = PBXGroup;
			children = (
				3AE19C0E2F141F1900DC6A53 /* Components */,
				3AE19C0F2F141F1900DC6A53 /* GameView.swift */,
				3AE19C102F141F1900DC6A53 /* GridView.swift */,
				3AE19C112F141F1900DC6A53 /* SettingsView.swift */,
			);
			path = Views;
			sourceTree = "<group>";
		};
		A5000001 = {
			isa = PBXGroup;
			children = (
				A5000002 /* SnakeGame */,
				A5000003 /* Products */,
			);
			sourceTree = "<group>";
		};
		A5000002 /* SnakeGame */ = {
			isa = PBXGroup;
			children = (
				3AE19C032F141F1900DC6A53 /* App */,
				3AE19C072F141F1900DC6A53 /* Models */,
				3AE19C0A2F141F1900DC6A53 /* Utilities */,
				3AE19C0C2F141F1900DC6A53 /* ViewModels */,
				3AE19C122F141F1900DC6A53 /* Views */,
			);
			path = SnakeGame;
			sourceTree = "<group>";
		};
		A5000003 /* Products */ = {
			isa = PBXGroup;
			children = (
				A3000001 /* SnakeGame.app */,
			);
			name = Products;
			sourceTree = "<group>";
		};
/* End PBXGroup section */

/* Begin PBXNativeTarget section */
		A6000001 /* SnakeGame */ = {
			isa = PBXNativeTarget;
			buildConfigurationList = A7000001 /* Build configuration list for PBXNativeTarget "SnakeGame" */;
			buildPhases = (
				A8000001 /* Sources */,
				A4000001 /* Frameworks */,
				A9000001 /* Resources */,
			);
			buildRules = (
			);
			dependencies = (
			);
			name = SnakeGame;
			productName = SnakeGame;
			productReference = A3000001 /* SnakeGame.app */;
			productType = "com.apple.product-type.application";
		};
/* End PBXNativeTarget section */

/* Begin PBXProject section */
		AA000001 /* Project object */ = {
			isa = PBXProject;
			attributes = {
				BuildIndependentTargetsInParallel = 1;
				LastSwiftUpdateCheck = 1500;
				LastUpgradeCheck = 2620;
				TargetAttributes = {
					A6000001 = {
						CreatedOnToolsVersion = 15.0;
					};
				};
			};
			buildConfigurationList = AB000001 /* Build configuration list for PBXProject "SnakeGame" */;
			compatibilityVersion = "Xcode 14.0";
			developmentRegion = en;
			hasScannedForEncodings = 0;
			knownRegions = (
				en,
				Base,
			);
			mainGroup = A5000001;
			productRefGroup = A5000003 /* Products */;
			projectDirPath = "";
			projectRoot = "";
			targets = (
				A6000001 /* SnakeGame */,
			);
		};
/* End PBXProject section */

/* Begin PBXResourcesBuildPhase section */
		A9000001 /* Resources */ = {
			isa = PBXResourcesBuildPhase;
			buildActionMask = 2147483647;
			files = (
			);
			runOnlyForDeploymentPostprocessing = 0;
		};
/* End PBXResourcesBuildPhase section */

/* Begin PBXSourcesBuildPhase section */
		A8000001 /* Sources */ = {
			isa = PBXSourcesBuildPhase;
			buildActionMask = 2147483647;
			files = (
				3AE19C132F141F1900DC6A53 /* GameState.swift in Sources */,
				3AE19C142F141F1900DC6A53 /* ControlPadView.swift in Sources */,
				3AE19C152F141F1900DC6A53 /* Color+Hex.swift in Sources */,
				3AE19C162F141F1900DC6A53 /* Theme.swift in Sources */,
				3AE19C172F141F1900DC6A53 /* GameViewModel.swift in Sources */,
				3AE19C182F141F1900DC6A53 /* GridView.swift in Sources */,
				3AE19C192F141F1900DC6A53 /* SettingsView.swift in Sources */,
				3AE19C1A2F141F1900DC6A53 /* Direction.swift in Sources */,
				3AE19C1B2F141F1900DC6A53 /* Point.swift in Sources */,
				3AE19C1C2F141F1900DC6A53 /* GameView.swift in Sources */,
				3AE19C1D2F141F1900DC6A53 /* SnakeGameApp.swift in Sources */,
				3AE19C202F14264500DC6A53 /* SoundManager.swift in Sources */,
				3AE19C212F14264500DC6A53 /* HapticManager.swift in Sources */,
			);
			runOnlyForDeploymentPostprocessing = 0;
		};
/* End PBXSourcesBuildPhase section */

/* Begin XCBuildConfiguration section */
		AC000001 /* Debug */ = {
			isa = XCBuildConfiguration;
			buildSettings = {
				ALWAYS_SEARCH_USER_PATHS = NO;
				CLANG_ANALYZER_NONNULL = YES;
				CLANG_ANALYZER_NUMBER_OBJECT_CONVERSION = YES_AGGRESSIVE;
				CLANG_CXX_LANGUAGE_STANDARD = "gnu++20";
				CLANG_ENABLE_MODULES = YES;
				CLANG_ENABLE_OBJC_ARC = YES;
				CLANG_ENABLE_OBJC_WEAK = YES;
				CLANG_WARN_BLOCK_CAPTURE_AUTORELEASING = YES;
				CLANG_WARN_BOOL_CONVERSION = YES;
				CLANG_WARN_COMMA = YES;
				CLANG_WARN_CONSTANT_CONVERSION = YES;
				CLANG_WARN_DEPRECATED_OBJC_IMPLEMENTATIONS = YES;
				CLANG_WARN_DIRECT_OBJC_ISA_USAGE = YES_ERROR;
				CLANG_WARN_DOCUMENTATION_COMMENTS = YES;
				CLANG_WARN_EMPTY_BODY = YES;
				CLANG_WARN_ENUM_CONVERSION = YES;
				CLANG_WARN_INFINITE_RECURSION = YES;
				CLANG_WARN_INT_CONVERSION = YES;
				CLANG_WARN_NON_LITERAL_NULL_CONVERSION = YES;
				CLANG_WARN_OBJC_IMPLICIT_RETAIN_SELF = YES;
				CLANG_WARN_OBJC_LITERAL_CONVERSION = YES;
				CLANG_WARN_OBJC_ROOT_CLASS = YES_ERROR;
				CLANG_WARN_QUOTED_INCLUDE_IN_FRAMEWORK_HEADER = YES;
				CLANG_WARN_RANGE_LOOP_ANALYSIS = YES;
				CLANG_WARN_STRICT_PROTOTYPES = YES;
				CLANG_WARN_SUSPICIOUS_MOVE = YES;
				CLANG_WARN_UNGUARDED_AVAILABILITY = YES_AGGRESSIVE;
				CLANG_WARN_UNREACHABLE_CODE = YES;
				CLANG_WARN__DUPLICATE_METHOD_MATCH = YES;
				COPY_PHASE_STRIP = NO;
				DEBUG_INFORMATION_FORMAT = dwarf;
				ENABLE_STRICT_OBJC_MSGSEND = YES;
				ENABLE_TESTABILITY = YES;
				ENABLE_USER_SCRIPT_SANDBOXING = YES;
				GCC_C_LANGUAGE_STANDARD = gnu11;
				GCC_DYNAMIC_NO_PIC = NO;
				GCC_NO_COMMON_BLOCKS = YES;
				GCC_OPTIMIZATION_LEVEL = 0;
				GCC_PREPROCESSOR_DEFINITIONS = (
					"DEBUG=1",
					"$(inherited)",
				);
				GCC_WARN_64_TO_32_BIT_CONVERSION = YES;
				GCC_WARN_ABOUT_RETURN_TYPE = YES_ERROR;
				GCC_WARN_UNDECLARED_SELECTOR = YES;
				GCC_WARN_UNINITIALIZED_AUTOS = YES_AGGRESSIVE;
				GCC_WARN_UNUSED_FUNCTION = YES;
				GCC_WARN_UNUSED_VARIABLE = YES;
				IPHONEOS_DEPLOYMENT_TARGET = 15.0;
				MTL_ENABLE_DEBUG_INFO = INCLUDE_SOURCE;
				MTL_FAST_MATH = YES;
				ONLY_ACTIVE_ARCH = YES;
				SDKROOT = iphoneos;
				STRING_CATALOG_GENERATE_SYMBOLS = YES;
				SWIFT_ACTIVE_COMPILATION_CONDITIONS = DEBUG;
				SWIFT_OPTIMIZATION_LEVEL = "-Onone";
			};
			name = Debug;
		};
		AC000002 /* Release */ = {
			isa = XCBuildConfiguration;
			buildSettings = {
				ALWAYS_SEARCH_USER_PATHS = NO;
				CLANG_ANALYZER_NONNULL = YES;
				CLANG_ANALYZER_NUMBER_OBJECT_CONVERSION = YES_AGGRESSIVE;
				CLANG_CXX_LANGUAGE_STANDARD = "gnu++20";
				CLANG_ENABLE_MODULES = YES;
				CLANG_ENABLE_OBJC_ARC = YES;
				CLANG_ENABLE_OBJC_WEAK = YES;
				CLANG_WARN_BLOCK_CAPTURE_AUTORELEASING = YES;
				CLANG_WARN_BOOL_CONVERSION = YES;
				CLANG_WARN_COMMA = YES;
				CLANG_WARN_CONSTANT_CONVERSION = YES;
				CLANG_WARN_DEPRECATED_OBJC_IMPLEMENTATIONS = YES;
				CLANG_WARN_DIRECT_OBJC_ISA_USAGE = YES_ERROR;
				CLANG_WARN_DOCUMENTATION_COMMENTS = YES;
				CLANG_WARN_EMPTY_BODY = YES;
				CLANG_WARN_ENUM_CONVERSION = YES;
				CLANG_WARN_INFINITE_RECURSION = YES;
				CLANG_WARN_INT_CONVERSION = YES;
				CLANG_WARN_NON_LITERAL_NULL_CONVERSION = YES;
				CLANG_WARN_OBJC_IMPLICIT_RETAIN_SELF = YES;
				CLANG_WARN_OBJC_LITERAL_CONVERSION = YES;
				CLANG_WARN_OBJC_ROOT_CLASS = YES_ERROR;
				CLANG_WARN_QUOTED_INCLUDE_IN_FRAMEWORK_HEADER = YES;
				CLANG_WARN_RANGE_LOOP_ANALYSIS = YES;
				CLANG_WARN_STRICT_PROTOTYPES = YES;
				CLANG_WARN_SUSPICIOUS_MOVE = YES;
				CLANG_WARN_UNGUARDED_AVAILABILITY = YES_AGGRESSIVE;
				CLANG_WARN_UNREACHABLE_CODE = YES;
				CLANG_WARN__DUPLICATE_METHOD_MATCH = YES;
				COPY_PHASE_STRIP = NO;
				DEBUG_INFORMATION_FORMAT = "dwarf-with-dsym";
				ENABLE_NS_ASSERTIONS = NO;
				ENABLE_STRICT_OBJC_MSGSEND = YES;
				ENABLE_USER_SCRIPT_SANDBOXING = YES;
				GCC_C_LANGUAGE_STANDARD = gnu11;
				GCC_NO_COMMON_BLOCKS = YES;
				GCC_WARN_64_TO_32_BIT_CONVERSION = YES;
				GCC_WARN_ABOUT_RETURN_TYPE = YES_ERROR;
				GCC_WARN_UNDECLARED_SELECTOR = YES;
				GCC_WARN_UNINITIALIZED_AUTOS = YES_AGGRESSIVE;
				GCC_WARN_UNUSED_FUNCTION = YES;
				GCC_WARN_UNUSED_VARIABLE = YES;
				IPHONEOS_DEPLOYMENT_TARGET = 15.0;
				MTL_ENABLE_DEBUG_INFO = NO;
				MTL_FAST_MATH = YES;
				SDKROOT = iphoneos;
				STRING_CATALOG_GENERATE_SYMBOLS = YES;
				SWIFT_COMPILATION_MODE = wholemodule;
				SWIFT_OPTIMIZATION_LEVEL = "-O";
				VALIDATE_PRODUCT = YES;
			};
			name = Release;
		};
		AD000001 /* Debug */ = {
			isa = XCBuildConfiguration;
			buildSettings = {
				ASSETCATALOG_COMPILER_APPICON_NAME = AppIcon;
				ASSETCATALOG_COMPILER_GLOBAL_ACCENT_COLOR_NAME = AccentColor;
				CODE_SIGN_STYLE = Automatic;
				CURRENT_PROJECT_VERSION = 1;
				DEVELOPMENT_ASSET_PATHS = "";
				ENABLE_PREVIEWS = YES;
				GENERATE_INFOPLIST_FILE = YES;
				INFOPLIST_KEY_UIApplicationSceneManifest_Generation = YES;
				INFOPLIST_KEY_UIApplicationSupportsIndirectInputEvents = YES;
				INFOPLIST_KEY_UILaunchScreen_Generation = YES;
				INFOPLIST_KEY_UISupportedInterfaceOrientations_iPad = "UIInterfaceOrientationPortrait UIInterfaceOrientationPortraitUpsideDown UIInterfaceOrientationLandscapeLeft UIInterfaceOrientationLandscapeRight";
				INFOPLIST_KEY_UISupportedInterfaceOrientations_iPhone = "UIInterfaceOrientationPortrait UIInterfaceOrientationLandscapeLeft UIInterfaceOrientationLandscapeRight";
				LD_RUNPATH_SEARCH_PATHS = (
					"$(inherited)",
					"@executable_path/Frameworks",
				);
				MARKETING_VERSION = 1.0;
				PRODUCT_BUNDLE_IDENTIFIER = com.example.SnakeGame;
				PRODUCT_NAME = "$(TARGET_NAME)";
				SWIFT_EMIT_LOC_STRINGS = YES;
				SWIFT_VERSION = 5.0;
				TARGETED_DEVICE_FAMILY = "1,2";
			};
			name = Debug;
		};
		AD000002 /* Release */ = {
			isa = XCBuildConfiguration;
			buildSettings = {
				ASSETCATALOG_COMPILER_APPICON_NAME = AppIcon;
				ASSETCATALOG_COMPILER_GLOBAL_ACCENT_COLOR_NAME = AccentColor;
				CODE_SIGN_STYLE = Automatic;
				CURRENT_PROJECT_VERSION = 1;
				DEVELOPMENT_ASSET_PATHS = "";
				ENABLE_PREVIEWS = YES;
				GENERATE_INFOPLIST_FILE = YES;
				INFOPLIST_KEY_UIApplicationSceneManifest_Generation = YES;
				INFOPLIST_KEY_UIApplicationSupportsIndirectInputEvents = YES;
				INFOPLIST_KEY_UILaunchScreen_Generation = YES;
				INFOPLIST_KEY_UISupportedInterfaceOrientations_iPad = "UIInterfaceOrientationPortrait UIInterfaceOrientationPortraitUpsideDown UIInterfaceOrientationLandscapeLeft UIInterfaceOrientationLandscapeRight";
				INFOPLIST_KEY_UISupportedInterfaceOrientations_iPhone = "UIInterfaceOrientationPortrait UIInterfaceOrientationLandscapeLeft UIInterfaceOrientationLandscapeRight";
				LD_RUNPATH_SEARCH_PATHS = (
					"$(inherited)",
					"@executable_path/Frameworks",
				);
				MARKETING_VERSION = 1.0;
				PRODUCT_BUNDLE_IDENTIFIER = com.example.SnakeGame;
				PRODUCT_NAME = "$(TARGET_NAME)";
				SWIFT_EMIT_LOC_STRINGS = YES;
				SWIFT_VERSION = 5.0;
				TARGETED_DEVICE_FAMILY = "1,2";
			};
			name = Release;
		};
/* End XCBuildConfiguration section */

/* Begin XCConfigurationList section */
		A7000001 /* Build configuration list for PBXNativeTarget "SnakeGame" */ = {
			isa = XCConfigurationList;
			buildConfigurations = (
				AD000001 /* Debug */,
				AD000002 /* Release */,
			);
			defaultConfigurationIsVisible = 0;
			defaultConfigurationName = Release;
		};
		AB000001 /* Build configuration list for PBXProject "SnakeGame" */ = {
			isa = XCConfigurationList;
			buildConfigurations = (
				AC000001 /* Debug */,
				AC000002 /* Release */,
			);
			defaultConfigurationIsVisible = 0;
			defaultConfigurationName = Release;
		};
/* End XCConfigurationList section */
	};
	rootObject = AA000001 /* Project object */;
}
